// !$*UTF8*$!
{
	archiveVersion = 1;
	classes = {
	};
	objectVersion = 51;
	objects = {

/* Begin PBXBuildFile section */
		8978E561BE7C4EB20753D5E1 /* Pods_RecipleaseTests.framework in Frameworks */ = {isa = PBXBuildFile; fileRef = F77C4262602EF7932039DEBE /* Pods_RecipleaseTests.framework */; };
		A986D01858AA79099754C88D /* Pods_Reciplease.framework in Frameworks */ = {isa = PBXBuildFile; fileRef = 00394503EBDA7FB9864EA51E /* Pods_Reciplease.framework */; };
		C31E736E272B25EC00F960FD /* RecipeDetail.swift in Sources */ = {isa = PBXBuildFile; fileRef = C31E736D272B25EC00F960FD /* RecipeDetail.swift */; };
		C335CA292742C07B00799826 /* CoreDataManagerTests.swift in Sources */ = {isa = PBXBuildFile; fileRef = C335CA282742C07B00799826 /* CoreDataManagerTests.swift */; };
		C335CA2B2742C0C500799826 /* MockCoreDataStack.swift in Sources */ = {isa = PBXBuildFile; fileRef = C335CA2A2742C0C500799826 /* MockCoreDataStack.swift */; };
		C335CA2D2742C92700799826 /* FakeFirstRecipeAPI.json in Resources */ = {isa = PBXBuildFile; fileRef = C335CA2C2742C92700799826 /* FakeFirstRecipeAPI.json */; };
		C335CA3127439C4000799826 /* RequestServiceTests.swift in Sources */ = {isa = PBXBuildFile; fileRef = C335CA3027439C4000799826 /* RequestServiceTests.swift */; };
		C335CA332743A18800799826 /* FakeEdamamSession.swift in Sources */ = {isa = PBXBuildFile; fileRef = C335CA322743A18800799826 /* FakeEdamamSession.swift */; };
		C335CA352743A1E100799826 /* FakeResponseData.swift in Sources */ = {isa = PBXBuildFile; fileRef = C335CA342743A1E100799826 /* FakeResponseData.swift */; };
		C335CA392743FD1500799826 /* FakeNextRecipeAPI.json in Resources */ = {isa = PBXBuildFile; fileRef = C335CA382743FD1500799826 /* FakeNextRecipeAPI.json */; };
		C335CA3C27466DC700799826 /* FakeRecipe.swift in Sources */ = {isa = PBXBuildFile; fileRef = C335CA3B27466DC700799826 /* FakeRecipe.swift */; };
		C35E542B271ECC2900D1B6F6 /* IngredientTableViewCell.swift in Sources */ = {isa = PBXBuildFile; fileRef = C35E542A271ECC2900D1B6F6 /* IngredientTableViewCell.swift */; };
		C35E542D2721AEFB00D1B6F6 /* FavoriteRecipesListViewController.swift in Sources */ = {isa = PBXBuildFile; fileRef = C35E542C2721AEFB00D1B6F6 /* FavoriteRecipesListViewController.swift */; };
		C35E542F2722BDA000D1B6F6 /* FavoriteTableView.swift in Sources */ = {isa = PBXBuildFile; fileRef = C35E542E2722BDA000D1B6F6 /* FavoriteTableView.swift */; };
		C3806CE4270703F0007D11E9 /* AppDelegate.swift in Sources */ = {isa = PBXBuildFile; fileRef = C3806CE3270703F0007D11E9 /* AppDelegate.swift */; };
		C3806CE6270703F0007D11E9 /* SceneDelegate.swift in Sources */ = {isa = PBXBuildFile; fileRef = C3806CE5270703F0007D11E9 /* SceneDelegate.swift */; };
		C3806CE8270703F0007D11E9 /* AddIngredientViewController.swift in Sources */ = {isa = PBXBuildFile; fileRef = C3806CE7270703F0007D11E9 /* AddIngredientViewController.swift */; };
		C3806CEB270703F0007D11E9 /* Main.storyboard in Resources */ = {isa = PBXBuildFile; fileRef = C3806CE9270703F0007D11E9 /* Main.storyboard */; };
		C3806CEE270703F0007D11E9 /* Reciplease.xcdatamodeld in Sources */ = {isa = PBXBuildFile; fileRef = C3806CEC270703F0007D11E9 /* Reciplease.xcdatamodeld */; };
		C3806CF0270703F2007D11E9 /* Assets.xcassets in Resources */ = {isa = PBXBuildFile; fileRef = C3806CEF270703F2007D11E9 /* Assets.xcassets */; };
		C3806CF3270703F2007D11E9 /* LaunchScreen.storyboard in Resources */ = {isa = PBXBuildFile; fileRef = C3806CF1270703F2007D11E9 /* LaunchScreen.storyboard */; };
		C3806CFC27073E54007D11E9 /* RecipesListViewController.swift in Sources */ = {isa = PBXBuildFile; fileRef = C3806CFB27073E54007D11E9 /* RecipesListViewController.swift */; };
		C3806D00270A0BC7007D11E9 /* CoreDataStack.swift in Sources */ = {isa = PBXBuildFile; fileRef = C3806CFF270A0BC7007D11E9 /* CoreDataStack.swift */; };
		C3806D02270A0BF1007D11E9 /* CoreDataManager.swift in Sources */ = {isa = PBXBuildFile; fileRef = C3806D01270A0BF1007D11E9 /* CoreDataManager.swift */; };
		C3806D08270A48F9007D11E9 /* ApiKeys.swift in Sources */ = {isa = PBXBuildFile; fileRef = C3806D07270A48F9007D11E9 /* ApiKeys.swift */; };
		C3806D0B270A499B007D11E9 /* URLSession+GenericCall.swift in Sources */ = {isa = PBXBuildFile; fileRef = C3806D0A270A499B007D11E9 /* URLSession+GenericCall.swift */; };
		C3806D0E270A49F5007D11E9 /* NetworkError.swift in Sources */ = {isa = PBXBuildFile; fileRef = C3806D0D270A49F5007D11E9 /* NetworkError.swift */; };
		C3806D10270A4A29007D11E9 /* NetworkLogger.swift in Sources */ = {isa = PBXBuildFile; fileRef = C3806D0F270A4A29007D11E9 /* NetworkLogger.swift */; };
		C3806D13270A4AB2007D11E9 /* RequestService.swift in Sources */ = {isa = PBXBuildFile; fileRef = C3806D12270A4AB2007D11E9 /* RequestService.swift */; };
		C3806D15270A4CD4007D11E9 /* URLEncodable.swift in Sources */ = {isa = PBXBuildFile; fileRef = C3806D14270A4CD4007D11E9 /* URLEncodable.swift */; };
		C3806D17270A4D3A007D11E9 /* RecipeApi.swift in Sources */ = {isa = PBXBuildFile; fileRef = C3806D16270A4D3A007D11E9 /* RecipeApi.swift */; };
		C3806D19270B40B5007D11E9 /* UIViewController+Alert.swift in Sources */ = {isa = PBXBuildFile; fileRef = C3806D18270B40B5007D11E9 /* UIViewController+Alert.swift */; };
		C3806D1C270C45D7007D11E9 /* RecipeTableViewCell.swift in Sources */ = {isa = PBXBuildFile; fileRef = C3806D1A270C45D7007D11E9 /* RecipeTableViewCell.swift */; };
		C3806D1D270C45D7007D11E9 /* RecipeTableViewCell.xib in Resources */ = {isa = PBXBuildFile; fileRef = C3806D1B270C45D7007D11E9 /* RecipeTableViewCell.xib */; };
		C3806D1F270C89D9007D11E9 /* String.swift in Sources */ = {isa = PBXBuildFile; fileRef = C3806D1E270C89D9007D11E9 /* String.swift */; };
		C3806D23271231C8007D11E9 /* UIImageView.swift in Sources */ = {isa = PBXBuildFile; fileRef = C3806D22271231C8007D11E9 /* UIImageView.swift */; };
		C3806D252712D876007D11E9 /* UIView.swift in Sources */ = {isa = PBXBuildFile; fileRef = C3806D242712D876007D11E9 /* UIView.swift */; };
		C3806D2727138381007D11E9 /* RecipeViewController.swift in Sources */ = {isa = PBXBuildFile; fileRef = C3806D2627138381007D11E9 /* RecipeViewController.swift */; };
		C3806D29271627B7007D11E9 /* EdamamSession.swift in Sources */ = {isa = PBXBuildFile; fileRef = C3806D28271627B7007D11E9 /* EdamamSession.swift */; };
/* End PBXBuildFile section */

/* Begin PBXContainerItemProxy section */
		C335CA23273EB85900799826 /* PBXContainerItemProxy */ = {
			isa = PBXContainerItemProxy;
			containerPortal = C3806CD8270703F0007D11E9 /* Project object */;
			proxyType = 1;
			remoteGlobalIDString = C3806CDF270703F0007D11E9;
			remoteInfo = Reciplease;
		};
/* End PBXContainerItemProxy section */

/* Begin PBXFileReference section */
		00394503EBDA7FB9864EA51E /* Pods_Reciplease.framework */ = {isa = PBXFileReference; explicitFileType = wrapper.framework; includeInIndex = 0; path = Pods_Reciplease.framework; sourceTree = BUILT_PRODUCTS_DIR; };
		66FCBA1AEC26F6D8540589E0 /* Pods-Reciplease.release.xcconfig */ = {isa = PBXFileReference; includeInIndex = 1; lastKnownFileType = text.xcconfig; name = "Pods-Reciplease.release.xcconfig"; path = "Target Support Files/Pods-Reciplease/Pods-Reciplease.release.xcconfig"; sourceTree = "<group>"; };
		6F804CF6FE048C6E4B0C2389 /* Pods-RecipleaseTests.release.xcconfig */ = {isa = PBXFileReference; includeInIndex = 1; lastKnownFileType = text.xcconfig; name = "Pods-RecipleaseTests.release.xcconfig"; path = "Target Support Files/Pods-RecipleaseTests/Pods-RecipleaseTests.release.xcconfig"; sourceTree = "<group>"; };
		BD528608E17360900A936980 /* Pods-RecipleaseTests.debug.xcconfig */ = {isa = PBXFileReference; includeInIndex = 1; lastKnownFileType = text.xcconfig; name = "Pods-RecipleaseTests.debug.xcconfig"; path = "Target Support Files/Pods-RecipleaseTests/Pods-RecipleaseTests.debug.xcconfig"; sourceTree = "<group>"; };
		C31E736D272B25EC00F960FD /* RecipeDetail.swift */ = {isa = PBXFileReference; lastKnownFileType = sourcecode.swift; path = RecipeDetail.swift; sourceTree = "<group>"; };
		C335CA1F273EB85900799826 /* RecipleaseTests.xctest */ = {isa = PBXFileReference; explicitFileType = wrapper.cfbundle; includeInIndex = 0; path = RecipleaseTests.xctest; sourceTree = BUILT_PRODUCTS_DIR; };
		C335CA282742C07B00799826 /* CoreDataManagerTests.swift */ = {isa = PBXFileReference; lastKnownFileType = sourcecode.swift; path = CoreDataManagerTests.swift; sourceTree = "<group>"; };
		C335CA2A2742C0C500799826 /* MockCoreDataStack.swift */ = {isa = PBXFileReference; lastKnownFileType = sourcecode.swift; path = MockCoreDataStack.swift; sourceTree = "<group>"; };
		C335CA2C2742C92700799826 /* FakeFirstRecipeAPI.json */ = {isa = PBXFileReference; lastKnownFileType = text.json; path = FakeFirstRecipeAPI.json; sourceTree = "<group>"; };
		C335CA3027439C4000799826 /* RequestServiceTests.swift */ = {isa = PBXFileReference; lastKnownFileType = sourcecode.swift; path = RequestServiceTests.swift; sourceTree = "<group>"; };
		C335CA322743A18800799826 /* FakeEdamamSession.swift */ = {isa = PBXFileReference; lastKnownFileType = sourcecode.swift; path = FakeEdamamSession.swift; sourceTree = "<group>"; };
		C335CA342743A1E100799826 /* FakeResponseData.swift */ = {isa = PBXFileReference; lastKnownFileType = sourcecode.swift; path = FakeResponseData.swift; sourceTree = "<group>"; };
		C335CA382743FD1500799826 /* FakeNextRecipeAPI.json */ = {isa = PBXFileReference; lastKnownFileType = text.json; path = FakeNextRecipeAPI.json; sourceTree = "<group>"; };
		C335CA3B27466DC700799826 /* FakeRecipe.swift */ = {isa = PBXFileReference; lastKnownFileType = sourcecode.swift; path = FakeRecipe.swift; sourceTree = "<group>"; };
		C35E542A271ECC2900D1B6F6 /* IngredientTableViewCell.swift */ = {isa = PBXFileReference; lastKnownFileType = sourcecode.swift; path = IngredientTableViewCell.swift; sourceTree = "<group>"; };
		C35E542C2721AEFB00D1B6F6 /* FavoriteRecipesListViewController.swift */ = {isa = PBXFileReference; lastKnownFileType = sourcecode.swift; path = FavoriteRecipesListViewController.swift; sourceTree = "<group>"; };
		C35E542E2722BDA000D1B6F6 /* FavoriteTableView.swift */ = {isa = PBXFileReference; lastKnownFileType = sourcecode.swift; path = FavoriteTableView.swift; sourceTree = "<group>"; };
		C3806CE0270703F0007D11E9 /* Reciplease.app */ = {isa = PBXFileReference; explicitFileType = wrapper.application; includeInIndex = 0; path = Reciplease.app; sourceTree = BUILT_PRODUCTS_DIR; };
		C3806CE3270703F0007D11E9 /* AppDelegate.swift */ = {isa = PBXFileReference; lastKnownFileType = sourcecode.swift; path = AppDelegate.swift; sourceTree = "<group>"; };
		C3806CE5270703F0007D11E9 /* SceneDelegate.swift */ = {isa = PBXFileReference; lastKnownFileType = sourcecode.swift; path = SceneDelegate.swift; sourceTree = "<group>"; };
		C3806CE7270703F0007D11E9 /* AddIngredientViewController.swift */ = {isa = PBXFileReference; lastKnownFileType = sourcecode.swift; path = AddIngredientViewController.swift; sourceTree = "<group>"; };
		C3806CEA270703F0007D11E9 /* Base */ = {isa = PBXFileReference; lastKnownFileType = file.storyboard; name = Base; path = Base.lproj/Main.storyboard; sourceTree = "<group>"; };
		C3806CED270703F0007D11E9 /* Reciplease.xcdatamodel */ = {isa = PBXFileReference; lastKnownFileType = wrapper.xcdatamodel; path = Reciplease.xcdatamodel; sourceTree = "<group>"; };
		C3806CEF270703F2007D11E9 /* Assets.xcassets */ = {isa = PBXFileReference; lastKnownFileType = folder.assetcatalog; path = Assets.xcassets; sourceTree = "<group>"; };
		C3806CF2270703F2007D11E9 /* Base */ = {isa = PBXFileReference; lastKnownFileType = file.storyboard; name = Base; path = Base.lproj/LaunchScreen.storyboard; sourceTree = "<group>"; };
		C3806CF4270703F2007D11E9 /* Info.plist */ = {isa = PBXFileReference; lastKnownFileType = text.plist.xml; path = Info.plist; sourceTree = "<group>"; };
		C3806CFB27073E54007D11E9 /* RecipesListViewController.swift */ = {isa = PBXFileReference; lastKnownFileType = sourcecode.swift; path = RecipesListViewController.swift; sourceTree = "<group>"; };
		C3806CFF270A0BC7007D11E9 /* CoreDataStack.swift */ = {isa = PBXFileReference; lastKnownFileType = sourcecode.swift; path = CoreDataStack.swift; sourceTree = "<group>"; };
		C3806D01270A0BF1007D11E9 /* CoreDataManager.swift */ = {isa = PBXFileReference; lastKnownFileType = sourcecode.swift; path = CoreDataManager.swift; sourceTree = "<group>"; };
		C3806D07270A48F9007D11E9 /* ApiKeys.swift */ = {isa = PBXFileReference; lastKnownFileType = sourcecode.swift; path = ApiKeys.swift; sourceTree = "<group>"; };
		C3806D0A270A499B007D11E9 /* URLSession+GenericCall.swift */ = {isa = PBXFileReference; lastKnownFileType = sourcecode.swift; path = "URLSession+GenericCall.swift"; sourceTree = "<group>"; };
		C3806D0D270A49F5007D11E9 /* NetworkError.swift */ = {isa = PBXFileReference; lastKnownFileType = sourcecode.swift; path = NetworkError.swift; sourceTree = "<group>"; };
		C3806D0F270A4A29007D11E9 /* NetworkLogger.swift */ = {isa = PBXFileReference; lastKnownFileType = sourcecode.swift; path = NetworkLogger.swift; sourceTree = "<group>"; };
		C3806D12270A4AB2007D11E9 /* RequestService.swift */ = {isa = PBXFileReference; lastKnownFileType = sourcecode.swift; path = RequestService.swift; sourceTree = "<group>"; };
		C3806D14270A4CD4007D11E9 /* URLEncodable.swift */ = {isa = PBXFileReference; lastKnownFileType = sourcecode.swift; path = URLEncodable.swift; sourceTree = "<group>"; };
		C3806D16270A4D3A007D11E9 /* RecipeApi.swift */ = {isa = PBXFileReference; lastKnownFileType = sourcecode.swift; path = RecipeApi.swift; sourceTree = "<group>"; };
		C3806D18270B40B5007D11E9 /* UIViewController+Alert.swift */ = {isa = PBXFileReference; lastKnownFileType = sourcecode.swift; path = "UIViewController+Alert.swift"; sourceTree = "<group>"; };
		C3806D1A270C45D7007D11E9 /* RecipeTableViewCell.swift */ = {isa = PBXFileReference; lastKnownFileType = sourcecode.swift; path = RecipeTableViewCell.swift; sourceTree = "<group>"; };
		C3806D1B270C45D7007D11E9 /* RecipeTableViewCell.xib */ = {isa = PBXFileReference; lastKnownFileType = file.xib; path = RecipeTableViewCell.xib; sourceTree = "<group>"; };
		C3806D1E270C89D9007D11E9 /* String.swift */ = {isa = PBXFileReference; lastKnownFileType = sourcecode.swift; path = String.swift; sourceTree = "<group>"; };
		C3806D22271231C8007D11E9 /* UIImageView.swift */ = {isa = PBXFileReference; lastKnownFileType = sourcecode.swift; path = UIImageView.swift; sourceTree = "<group>"; };
		C3806D242712D876007D11E9 /* UIView.swift */ = {isa = PBXFileReference; lastKnownFileType = sourcecode.swift; path = UIView.swift; sourceTree = "<group>"; };
		C3806D2627138381007D11E9 /* RecipeViewController.swift */ = {isa = PBXFileReference; lastKnownFileType = sourcecode.swift; path = RecipeViewController.swift; sourceTree = "<group>"; };
		C3806D28271627B7007D11E9 /* EdamamSession.swift */ = {isa = PBXFileReference; lastKnownFileType = sourcecode.swift; path = EdamamSession.swift; sourceTree = "<group>"; };
		DC9D2253B46836E88A1B8448 /* Pods-Reciplease.debug.xcconfig */ = {isa = PBXFileReference; includeInIndex = 1; lastKnownFileType = text.xcconfig; name = "Pods-Reciplease.debug.xcconfig"; path = "Target Support Files/Pods-Reciplease/Pods-Reciplease.debug.xcconfig"; sourceTree = "<group>"; };
		F77C4262602EF7932039DEBE /* Pods_RecipleaseTests.framework */ = {isa = PBXFileReference; explicitFileType = wrapper.framework; includeInIndex = 0; path = Pods_RecipleaseTests.framework; sourceTree = BUILT_PRODUCTS_DIR; };
/* End PBXFileReference section */

/* Begin PBXFrameworksBuildPhase section */
		C335CA1C273EB85900799826 /* Frameworks */ = {
			isa = PBXFrameworksBuildPhase;
			buildActionMask = 2147483647;
			files = (
				8978E561BE7C4EB20753D5E1 /* Pods_RecipleaseTests.framework in Frameworks */,
			);
			runOnlyForDeploymentPostprocessing = 0;
		};
		C3806CDD270703F0007D11E9 /* Frameworks */ = {
			isa = PBXFrameworksBuildPhase;
			buildActionMask = 2147483647;
			files = (
				A986D01858AA79099754C88D /* Pods_Reciplease.framework in Frameworks */,
			);
			runOnlyForDeploymentPostprocessing = 0;
		};
/* End PBXFrameworksBuildPhase section */

/* Begin PBXGroup section */
		15A5E0E765E5EDCD7C86E95E /* Frameworks */ = {
			isa = PBXGroup;
			children = (
				00394503EBDA7FB9864EA51E /* Pods_Reciplease.framework */,
				F77C4262602EF7932039DEBE /* Pods_RecipleaseTests.framework */,
			);
			name = Frameworks;
			sourceTree = "<group>";
		};
		462A5301A970254369D77085 /* Pods */ = {
			isa = PBXGroup;
			children = (
				DC9D2253B46836E88A1B8448 /* Pods-Reciplease.debug.xcconfig */,
				66FCBA1AEC26F6D8540589E0 /* Pods-Reciplease.release.xcconfig */,
				BD528608E17360900A936980 /* Pods-RecipleaseTests.debug.xcconfig */,
				6F804CF6FE048C6E4B0C2389 /* Pods-RecipleaseTests.release.xcconfig */,
			);
			path = Pods;
			sourceTree = "<group>";
		};
		C335CA20273EB85900799826 /* RecipleaseTests */ = {
			isa = PBXGroup;
			children = (
				C335CA2F27439BC300799826 /* Model */,
				C335CA2E27439BA200799826 /* Helpers */,
			);
			path = RecipleaseTests;
			sourceTree = "<group>";
		};
		C335CA2E27439BA200799826 /* Helpers */ = {
			isa = PBXGroup;
			children = (
				C335CA2A2742C0C500799826 /* MockCoreDataStack.swift */,
				C335CA2C2742C92700799826 /* FakeFirstRecipeAPI.json */,
				C335CA382743FD1500799826 /* FakeNextRecipeAPI.json */,
				C335CA322743A18800799826 /* FakeEdamamSession.swift */,
				C335CA342743A1E100799826 /* FakeResponseData.swift */,
				C335CA3B27466DC700799826 /* FakeRecipe.swift */,
			);
			path = Helpers;
			sourceTree = "<group>";
		};
		C335CA2F27439BC300799826 /* Model */ = {
			isa = PBXGroup;
			children = (
				C335CA282742C07B00799826 /* CoreDataManagerTests.swift */,
				C335CA3027439C4000799826 /* RequestServiceTests.swift */,
			);
			path = Model;
			sourceTree = "<group>";
		};
		C3806CD7270703F0007D11E9 = {
			isa = PBXGroup;
			children = (
				C3806CE2270703F0007D11E9 /* Reciplease */,
				C335CA20273EB85900799826 /* RecipleaseTests */,
				C3806CE1270703F0007D11E9 /* Products */,
				462A5301A970254369D77085 /* Pods */,
				15A5E0E765E5EDCD7C86E95E /* Frameworks */,
			);
			sourceTree = "<group>";
		};
		C3806CE1270703F0007D11E9 /* Products */ = {
			isa = PBXGroup;
			children = (
				C3806CE0270703F0007D11E9 /* Reciplease.app */,
				C335CA1F273EB85900799826 /* RecipleaseTests.xctest */,
			);
			name = Products;
			sourceTree = "<group>";
		};
		C3806CE2270703F0007D11E9 /* Reciplease */ = {
			isa = PBXGroup;
			children = (
				C3806D11270A4A7E007D11E9 /* Model */,
				C3806D0C270A49DD007D11E9 /* Network */,
				C3806D09270A4987007D11E9 /* Extensions */,
				C3806D06270A48EF007D11E9 /* Resources */,
				C3806CFE270A0A22007D11E9 /* CoreData */,
				C3806CFD270A0A00007D11E9 /* Controller */,
				C3806CFA270703FC007D11E9 /* View */,
				C3806CE3270703F0007D11E9 /* AppDelegate.swift */,
				C3806CE5270703F0007D11E9 /* SceneDelegate.swift */,
				C3806CEF270703F2007D11E9 /* Assets.xcassets */,
				C3806CF4270703F2007D11E9 /* Info.plist */,
			);
			path = Reciplease;
			sourceTree = "<group>";
		};
		C3806CFA270703FC007D11E9 /* View */ = {
			isa = PBXGroup;
			children = (
				C3806CE9270703F0007D11E9 /* Main.storyboard */,
				C3806CF1270703F2007D11E9 /* LaunchScreen.storyboard */,
				C3806D1B270C45D7007D11E9 /* RecipeTableViewCell.xib */,
			);
			path = View;
			sourceTree = "<group>";
		};
		C3806CFD270A0A00007D11E9 /* Controller */ = {
			isa = PBXGroup;
			children = (
				C35E542C2721AEFB00D1B6F6 /* FavoriteRecipesListViewController.swift */,
				C3806CFB27073E54007D11E9 /* RecipesListViewController.swift */,
				C35E542A271ECC2900D1B6F6 /* IngredientTableViewCell.swift */,
				C3806CE7270703F0007D11E9 /* AddIngredientViewController.swift */,
				C3806D2627138381007D11E9 /* RecipeViewController.swift */,
				C3806D1A270C45D7007D11E9 /* RecipeTableViewCell.swift */,
				C35E542E2722BDA000D1B6F6 /* FavoriteTableView.swift */,
			);
			path = Controller;
			sourceTree = "<group>";
		};
		C3806CFE270A0A22007D11E9 /* CoreData */ = {
			isa = PBXGroup;
			children = (
				C3806CEC270703F0007D11E9 /* Reciplease.xcdatamodeld */,
				C3806CFF270A0BC7007D11E9 /* CoreDataStack.swift */,
				C3806D01270A0BF1007D11E9 /* CoreDataManager.swift */,
			);
			path = CoreData;
			sourceTree = "<group>";
		};
		C3806D06270A48EF007D11E9 /* Resources */ = {
			isa = PBXGroup;
			children = (
				C3806D07270A48F9007D11E9 /* ApiKeys.swift */,
			);
			path = Resources;
			sourceTree = "<group>";
		};
		C3806D09270A4987007D11E9 /* Extensions */ = {
			isa = PBXGroup;
			children = (
				C3806D0A270A499B007D11E9 /* URLSession+GenericCall.swift */,
				C3806D14270A4CD4007D11E9 /* URLEncodable.swift */,
				C3806D18270B40B5007D11E9 /* UIViewController+Alert.swift */,
				C3806D1E270C89D9007D11E9 /* String.swift */,
				C3806D22271231C8007D11E9 /* UIImageView.swift */,
				C3806D242712D876007D11E9 /* UIView.swift */,
			);
			path = Extensions;
			sourceTree = "<group>";
		};
		C3806D0C270A49DD007D11E9 /* Network */ = {
			isa = PBXGroup;
			children = (
				C3806D0D270A49F5007D11E9 /* NetworkError.swift */,
				C3806D0F270A4A29007D11E9 /* NetworkLogger.swift */,
			);
			path = Network;
			sourceTree = "<group>";
		};
		C3806D11270A4A7E007D11E9 /* Model */ = {
			isa = PBXGroup;
			children = (
				C3806D12270A4AB2007D11E9 /* RequestService.swift */,
				C3806D16270A4D3A007D11E9 /* RecipeApi.swift */,
				C3806D28271627B7007D11E9 /* EdamamSession.swift */,
				C31E736D272B25EC00F960FD /* RecipeDetail.swift */,
			);
			path = Model;
			sourceTree = "<group>";
		};
/* End PBXGroup section */

/* Begin PBXNativeTarget section */
		C335CA1E273EB85900799826 /* RecipleaseTests */ = {
			isa = PBXNativeTarget;
			buildConfigurationList = C335CA27273EB85900799826 /* Build configuration list for PBXNativeTarget "RecipleaseTests" */;
			buildPhases = (
				6DAB8D4F5AFBA2D6E11BE0FE /* [CP] Check Pods Manifest.lock */,
				C335CA1B273EB85900799826 /* Sources */,
				C335CA1C273EB85900799826 /* Frameworks */,
				C335CA1D273EB85900799826 /* Resources */,
			);
			buildRules = (
			);
			dependencies = (
				C335CA24273EB85900799826 /* PBXTargetDependency */,
			);
			name = RecipleaseTests;
			productName = RecipleaseTests;
			productReference = C335CA1F273EB85900799826 /* RecipleaseTests.xctest */;
			productType = "com.apple.product-type.bundle.unit-test";
		};
		C3806CDF270703F0007D11E9 /* Reciplease */ = {
			isa = PBXNativeTarget;
			buildConfigurationList = C3806CF7270703F2007D11E9 /* Build configuration list for PBXNativeTarget "Reciplease" */;
			buildPhases = (
				B8A910B2AEB41DCC92C44074 /* [CP] Check Pods Manifest.lock */,
				C3806CDC270703F0007D11E9 /* Sources */,
				C3806CDD270703F0007D11E9 /* Frameworks */,
				C3806CDE270703F0007D11E9 /* Resources */,
				BB535D3EB73C165B387B61F7 /* [CP] Embed Pods Frameworks */,
			);
			buildRules = (
			);
			dependencies = (
			);
			name = Reciplease;
			productName = Reciplease;
			productReference = C3806CE0270703F0007D11E9 /* Reciplease.app */;
			productType = "com.apple.product-type.application";
		};
/* End PBXNativeTarget section */

/* Begin PBXProject section */
		C3806CD8270703F0007D11E9 /* Project object */ = {
			isa = PBXProject;
			attributes = {
				LastSwiftUpdateCheck = 1310;
				LastUpgradeCheck = 1250;
				TargetAttributes = {
					C335CA1E273EB85900799826 = {
						CreatedOnToolsVersion = 13.1;
						LastSwiftMigration = 1310;
						TestTargetID = C3806CDF270703F0007D11E9;
					};
					C3806CDF270703F0007D11E9 = {
						CreatedOnToolsVersion = 12.5.1;
					};
				};
			};
			buildConfigurationList = C3806CDB270703F0007D11E9 /* Build configuration list for PBXProject "Reciplease" */;
			compatibilityVersion = "Xcode 9.3";
			developmentRegion = en;
			hasScannedForEncodings = 0;
			knownRegions = (
				en,
				Base,
			);
			mainGroup = C3806CD7270703F0007D11E9;
			productRefGroup = C3806CE1270703F0007D11E9 /* Products */;
			projectDirPath = "";
			projectRoot = "";
			targets = (
				C3806CDF270703F0007D11E9 /* Reciplease */,
				C335CA1E273EB85900799826 /* RecipleaseTests */,
			);
		};
/* End PBXProject section */

/* Begin PBXResourcesBuildPhase section */
		C335CA1D273EB85900799826 /* Resources */ = {
			isa = PBXResourcesBuildPhase;
			buildActionMask = 2147483647;
			files = (
				C335CA392743FD1500799826 /* FakeNextRecipeAPI.json in Resources */,
				C335CA2D2742C92700799826 /* FakeFirstRecipeAPI.json in Resources */,
			);
			runOnlyForDeploymentPostprocessing = 0;
		};
		C3806CDE270703F0007D11E9 /* Resources */ = {
			isa = PBXResourcesBuildPhase;
			buildActionMask = 2147483647;
			files = (
				C3806CF3270703F2007D11E9 /* LaunchScreen.storyboard in Resources */,
				C3806CF0270703F2007D11E9 /* Assets.xcassets in Resources */,
				C3806CEB270703F0007D11E9 /* Main.storyboard in Resources */,
				C3806D1D270C45D7007D11E9 /* RecipeTableViewCell.xib in Resources */,
			);
			runOnlyForDeploymentPostprocessing = 0;
		};
/* End PBXResourcesBuildPhase section */

/* Begin PBXShellScriptBuildPhase section */
		6DAB8D4F5AFBA2D6E11BE0FE /* [CP] Check Pods Manifest.lock */ = {
			isa = PBXShellScriptBuildPhase;
			buildActionMask = 2147483647;
			files = (
			);
			inputFileListPaths = (
			);
			inputPaths = (
				"${PODS_PODFILE_DIR_PATH}/Podfile.lock",
				"${PODS_ROOT}/Manifest.lock",
			);
			name = "[CP] Check Pods Manifest.lock";
			outputFileListPaths = (
			);
			outputPaths = (
				"$(DERIVED_FILE_DIR)/Pods-RecipleaseTests-checkManifestLockResult.txt",
			);
			runOnlyForDeploymentPostprocessing = 0;
			shellPath = /bin/sh;
			shellScript = "diff \"${PODS_PODFILE_DIR_PATH}/Podfile.lock\" \"${PODS_ROOT}/Manifest.lock\" > /dev/null\nif [ $? != 0 ] ; then\n    # print error to STDERR\n    echo \"error: The sandbox is not in sync with the Podfile.lock. Run 'pod install' or update your CocoaPods installation.\" >&2\n    exit 1\nfi\n# This output is used by Xcode 'outputs' to avoid re-running this script phase.\necho \"SUCCESS\" > \"${SCRIPT_OUTPUT_FILE_0}\"\n";
			showEnvVarsInLog = 0;
		};
		B8A910B2AEB41DCC92C44074 /* [CP] Check Pods Manifest.lock */ = {
			isa = PBXShellScriptBuildPhase;
			buildActionMask = 2147483647;
			files = (
			);
			inputFileListPaths = (
			);
			inputPaths = (
				"${PODS_PODFILE_DIR_PATH}/Podfile.lock",
				"${PODS_ROOT}/Manifest.lock",
			);
			name = "[CP] Check Pods Manifest.lock";
			outputFileListPaths = (
			);
			outputPaths = (
				"$(DERIVED_FILE_DIR)/Pods-Reciplease-checkManifestLockResult.txt",
			);
			runOnlyForDeploymentPostprocessing = 0;
			shellPath = /bin/sh;
			shellScript = "diff \"${PODS_PODFILE_DIR_PATH}/Podfile.lock\" \"${PODS_ROOT}/Manifest.lock\" > /dev/null\nif [ $? != 0 ] ; then\n    # print error to STDERR\n    echo \"error: The sandbox is not in sync with the Podfile.lock. Run 'pod install' or update your CocoaPods installation.\" >&2\n    exit 1\nfi\n# This output is used by Xcode 'outputs' to avoid re-running this script phase.\necho \"SUCCESS\" > \"${SCRIPT_OUTPUT_FILE_0}\"\n";
			showEnvVarsInLog = 0;
		};
		BB535D3EB73C165B387B61F7 /* [CP] Embed Pods Frameworks */ = {
			isa = PBXShellScriptBuildPhase;
			buildActionMask = 2147483647;
			files = (
			);
			inputFileListPaths = (
				"${PODS_ROOT}/Target Support Files/Pods-Reciplease/Pods-Reciplease-frameworks-${CONFIGURATION}-input-files.xcfilelist",
			);
			name = "[CP] Embed Pods Frameworks";
			outputFileListPaths = (
				"${PODS_ROOT}/Target Support Files/Pods-Reciplease/Pods-Reciplease-frameworks-${CONFIGURATION}-output-files.xcfilelist",
			);
			runOnlyForDeploymentPostprocessing = 0;
			shellPath = /bin/sh;
			shellScript = "\"${PODS_ROOT}/Target Support Files/Pods-Reciplease/Pods-Reciplease-frameworks.sh\"\n";
			showEnvVarsInLog = 0;
		};
/* End PBXShellScriptBuildPhase section */

/* Begin PBXSourcesBuildPhase section */
		C335CA1B273EB85900799826 /* Sources */ = {
			isa = PBXSourcesBuildPhase;
			buildActionMask = 2147483647;
			files = (
				C335CA332743A18800799826 /* FakeEdamamSession.swift in Sources */,
				C335CA292742C07B00799826 /* CoreDataManagerTests.swift in Sources */,
				C335CA352743A1E100799826 /* FakeResponseData.swift in Sources */,
				C335CA2B2742C0C500799826 /* MockCoreDataStack.swift in Sources */,
				C335CA3C27466DC700799826 /* FakeRecipe.swift in Sources */,
				C335CA3127439C4000799826 /* RequestServiceTests.swift in Sources */,
			);
			runOnlyForDeploymentPostprocessing = 0;
		};
		C3806CDC270703F0007D11E9 /* Sources */ = {
			isa = PBXSourcesBuildPhase;
			buildActionMask = 2147483647;
			files = (
				C3806D19270B40B5007D11E9 /* UIViewController+Alert.swift in Sources */,
				C3806D0B270A499B007D11E9 /* URLSession+GenericCall.swift in Sources */,
				C3806CEE270703F0007D11E9 /* Reciplease.xcdatamodeld in Sources */,
				C3806CE8270703F0007D11E9 /* AddIngredientViewController.swift in Sources */,
				C3806D2727138381007D11E9 /* RecipeViewController.swift in Sources */,
				C35E542F2722BDA000D1B6F6 /* FavoriteTableView.swift in Sources */,
				C3806CE4270703F0007D11E9 /* AppDelegate.swift in Sources */,
				C3806D00270A0BC7007D11E9 /* CoreDataStack.swift in Sources */,
				C35E542D2721AEFB00D1B6F6 /* FavoriteRecipesListViewController.swift in Sources */,
				C3806D15270A4CD4007D11E9 /* URLEncodable.swift in Sources */,
				C3806D08270A48F9007D11E9 /* ApiKeys.swift in Sources */,
				C3806CFC27073E54007D11E9 /* RecipesListViewController.swift in Sources */,
				C35E542B271ECC2900D1B6F6 /* IngredientTableViewCell.swift in Sources */,
				C3806D13270A4AB2007D11E9 /* RequestService.swift in Sources */,
				C3806D23271231C8007D11E9 /* UIImageView.swift in Sources */,
				C3806D17270A4D3A007D11E9 /* RecipeApi.swift in Sources */,
				C3806D252712D876007D11E9 /* UIView.swift in Sources */,
				C3806D02270A0BF1007D11E9 /* CoreDataManager.swift in Sources */,
				C3806CE6270703F0007D11E9 /* SceneDelegate.swift in Sources */,
				C3806D29271627B7007D11E9 /* EdamamSession.swift in Sources */,
				C3806D0E270A49F5007D11E9 /* NetworkError.swift in Sources */,
				C3806D1F270C89D9007D11E9 /* String.swift in Sources */,
				C31E736E272B25EC00F960FD /* RecipeDetail.swift in Sources */,
				C3806D10270A4A29007D11E9 /* NetworkLogger.swift in Sources */,
				C3806D1C270C45D7007D11E9 /* RecipeTableViewCell.swift in Sources */,
			);
			runOnlyForDeploymentPostprocessing = 0;
		};
/* End PBXSourcesBuildPhase section */

/* Begin PBXTargetDependency section */
		C335CA24273EB85900799826 /* PBXTargetDependency */ = {
			isa = PBXTargetDependency;
			target = C3806CDF270703F0007D11E9 /* Reciplease */;
			targetProxy = C335CA23273EB85900799826 /* PBXContainerItemProxy */;
		};
/* End PBXTargetDependency section */

/* Begin PBXVariantGroup section */
		C3806CE9270703F0007D11E9 /* Main.storyboard */ = {
			isa = PBXVariantGroup;
			children = (
				C3806CEA270703F0007D11E9 /* Base */,
			);
			name = Main.storyboard;
			sourceTree = "<group>";
		};
		C3806CF1270703F2007D11E9 /* LaunchScreen.storyboard */ = {
			isa = PBXVariantGroup;
			children = (
				C3806CF2270703F2007D11E9 /* Base */,
			);
			name = LaunchScreen.storyboard;
			sourceTree = "<group>";
		};
/* End PBXVariantGroup section */

/* Begin XCBuildConfiguration section */
		C335CA25273EB85900799826 /* Debug */ = {
			isa = XCBuildConfiguration;
			baseConfigurationReference = BD528608E17360900A936980 /* Pods-RecipleaseTests.debug.xcconfig */;
			buildSettings = {
				BUNDLE_LOADER = "$(TEST_HOST)";
				CLANG_CXX_LANGUAGE_STANDARD = "gnu++17";
				CLANG_ENABLE_MODULES = YES;
				CODE_SIGN_IDENTITY = "Apple Development";
				"CODE_SIGN_IDENTITY[sdk=macosx*]" = "Apple Development";
				CODE_SIGN_STYLE = Automatic;
				CURRENT_PROJECT_VERSION = 1;
				DEVELOPMENT_TEAM = R5NJZ3S7A7;
				GENERATE_INFOPLIST_FILE = YES;
				IPHONEOS_DEPLOYMENT_TARGET = 15.0;
				LD_RUNPATH_SEARCH_PATHS = (
					"$(inherited)",
					"@executable_path/Frameworks",
					"@loader_path/Frameworks",
				);
				MARKETING_VERSION = 1.0;
				PRODUCT_BUNDLE_IDENTIFIER = MaximeRoux.RecipleaseTests;
				PRODUCT_NAME = "$(TARGET_NAME)";
				PROVISIONING_PROFILE_SPECIFIER = "";
				"PROVISIONING_PROFILE_SPECIFIER[sdk=macosx*]" = "";
				SWIFT_EMIT_LOC_STRINGS = NO;
				SWIFT_OPTIMIZATION_LEVEL = "-Onone";
				SWIFT_VERSION = 5.0;
				TARGETED_DEVICE_FAMILY = "1,2";
				TEST_HOST = "$(BUILT_PRODUCTS_DIR)/Reciplease.app/Reciplease";
			};
			name = Debug;
		};
		C335CA26273EB85900799826 /* Release */ = {
			isa = XCBuildConfiguration;
			baseConfigurationReference = 6F804CF6FE048C6E4B0C2389 /* Pods-RecipleaseTests.release.xcconfig */;
			buildSettings = {
				BUNDLE_LOADER = "$(TEST_HOST)";
				CLANG_CXX_LANGUAGE_STANDARD = "gnu++17";
				CLANG_ENABLE_MODULES = YES;
				CODE_SIGN_IDENTITY = "Apple Development";
				"CODE_SIGN_IDENTITY[sdk=macosx*]" = "Apple Development";
				CODE_SIGN_STYLE = Automatic;
				CURRENT_PROJECT_VERSION = 1;
				DEVELOPMENT_TEAM = R5NJZ3S7A7;
				GENERATE_INFOPLIST_FILE = YES;
				IPHONEOS_DEPLOYMENT_TARGET = 15.0;
				LD_RUNPATH_SEARCH_PATHS = (
					"$(inherited)",
					"@executable_path/Frameworks",
					"@loader_path/Frameworks",
				);
				MARKETING_VERSION = 1.0;
				PRODUCT_BUNDLE_IDENTIFIER = MaximeRoux.RecipleaseTests;
				PRODUCT_NAME = "$(TARGET_NAME)";
				PROVISIONING_PROFILE_SPECIFIER = "";
				"PROVISIONING_PROFILE_SPECIFIER[sdk=macosx*]" = "";
				SWIFT_EMIT_LOC_STRINGS = NO;
				SWIFT_VERSION = 5.0;
				TARGETED_DEVICE_FAMILY = "1,2";
				TEST_HOST = "$(BUILT_PRODUCTS_DIR)/Reciplease.app/Reciplease";
			};
			name = Release;
		};
		C3806CF5270703F2007D11E9 /* Debug */ = {
			isa = XCBuildConfiguration;
			buildSettings = {
				ALWAYS_SEARCH_USER_PATHS = NO;
				CLANG_ANALYZER_NONNULL = YES;
				CLANG_ANALYZER_NUMBER_OBJECT_CONVERSION = YES_AGGRESSIVE;
				CLANG_CXX_LANGUAGE_STANDARD = "gnu++14";
				CLANG_CXX_LIBRARY = "libc++";
				CLANG_ENABLE_MODULES = YES;
				CLANG_ENABLE_OBJC_ARC = YES;
				CLANG_ENABLE_OBJC_WEAK = YES;
				CLANG_WARN_BLOCK_CAPTURE_AUTORELEASING = YES;
				CLANG_WARN_BOOL_CONVERSION = YES;
				CLANG_WARN_COMMA = YES;
				CLANG_WARN_CONSTANT_CONVERSION = YES;
				CLANG_WARN_DEPRECATED_OBJC_IMPLEMENTATIONS = YES;
				CLANG_WARN_DIRECT_OBJC_ISA_USAGE = YES_ERROR;
				CLANG_WARN_DOCUMENTATION_COMMENTS = YES;
				CLANG_WARN_EMPTY_BODY = YES;
				CLANG_WARN_ENUM_CONVERSION = YES;
				CLANG_WARN_INFINITE_RECURSION = YES;
				CLANG_WARN_INT_CONVERSION = YES;
				CLANG_WARN_NON_LITERAL_NULL_CONVERSION = YES;
				CLANG_WARN_OBJC_IMPLICIT_RETAIN_SELF = YES;
				CLANG_WARN_OBJC_LITERAL_CONVERSION = YES;
				CLANG_WARN_OBJC_ROOT_CLASS = YES_ERROR;
				CLANG_WARN_QUOTED_INCLUDE_IN_FRAMEWORK_HEADER = YES;
				CLANG_WARN_RANGE_LOOP_ANALYSIS = YES;
				CLANG_WARN_STRICT_PROTOTYPES = YES;
				CLANG_WARN_SUSPICIOUS_MOVE = YES;
				CLANG_WARN_UNGUARDED_AVAILABILITY = YES_AGGRESSIVE;
				CLANG_WARN_UNREACHABLE_CODE = YES;
				CLANG_WARN__DUPLICATE_METHOD_MATCH = YES;
				COPY_PHASE_STRIP = NO;
				DEBUG_INFORMATION_FORMAT = dwarf;
				ENABLE_STRICT_OBJC_MSGSEND = YES;
				ENABLE_TESTABILITY = YES;
				GCC_C_LANGUAGE_STANDARD = gnu11;
				GCC_DYNAMIC_NO_PIC = NO;
				GCC_NO_COMMON_BLOCKS = YES;
				GCC_OPTIMIZATION_LEVEL = 0;
				GCC_PREPROCESSOR_DEFINITIONS = (
					"DEBUG=1",
					"$(inherited)",
				);
				GCC_WARN_64_TO_32_BIT_CONVERSION = YES;
				GCC_WARN_ABOUT_RETURN_TYPE = YES_ERROR;
				GCC_WARN_UNDECLARED_SELECTOR = YES;
				GCC_WARN_UNINITIALIZED_AUTOS = YES_AGGRESSIVE;
				GCC_WARN_UNUSED_FUNCTION = YES;
				GCC_WARN_UNUSED_VARIABLE = YES;
				IPHONEOS_DEPLOYMENT_TARGET = 14.5;
				MTL_ENABLE_DEBUG_INFO = INCLUDE_SOURCE;
				MTL_FAST_MATH = YES;
				ONLY_ACTIVE_ARCH = YES;
				SDKROOT = iphoneos;
				SWIFT_ACTIVE_COMPILATION_CONDITIONS = DEBUG;
				SWIFT_OPTIMIZATION_LEVEL = "-Onone";
			};
			name = Debug;
		};
		C3806CF6270703F2007D11E9 /* Release */ = {
			isa = XCBuildConfiguration;
			buildSettings = {
				ALWAYS_SEARCH_USER_PATHS = NO;
				CLANG_ANALYZER_NONNULL = YES;
				CLANG_ANALYZER_NUMBER_OBJECT_CONVERSION = YES_AGGRESSIVE;
				CLANG_CXX_LANGUAGE_STANDARD = "gnu++14";
				CLANG_CXX_LIBRARY = "libc++";
				CLANG_ENABLE_MODULES = YES;
				CLANG_ENABLE_OBJC_ARC = YES;
				CLANG_ENABLE_OBJC_WEAK = YES;
				CLANG_WARN_BLOCK_CAPTURE_AUTORELEASING = YES;
				CLANG_WARN_BOOL_CONVERSION = YES;
				CLANG_WARN_COMMA = YES;
				CLANG_WARN_CONSTANT_CONVERSION = YES;
				CLANG_WARN_DEPRECATED_OBJC_IMPLEMENTATIONS = YES;
				CLANG_WARN_DIRECT_OBJC_ISA_USAGE = YES_ERROR;
				CLANG_WARN_DOCUMENTATION_COMMENTS = YES;
				CLANG_WARN_EMPTY_BODY = YES;
				CLANG_WARN_ENUM_CONVERSION = YES;
				CLANG_WARN_INFINITE_RECURSION = YES;
				CLANG_WARN_INT_CONVERSION = YES;
				CLANG_WARN_NON_LITERAL_NULL_CONVERSION = YES;
				CLANG_WARN_OBJC_IMPLICIT_RETAIN_SELF = YES;
				CLANG_WARN_OBJC_LITERAL_CONVERSION = YES;
				CLANG_WARN_OBJC_ROOT_CLASS = YES_ERROR;
				CLANG_WARN_QUOTED_INCLUDE_IN_FRAMEWORK_HEADER = YES;
				CLANG_WARN_RANGE_LOOP_ANALYSIS = YES;
				CLANG_WARN_STRICT_PROTOTYPES = YES;
				CLANG_WARN_SUSPICIOUS_MOVE = YES;
				CLANG_WARN_UNGUARDED_AVAILABILITY = YES_AGGRESSIVE;
				CLANG_WARN_UNREACHABLE_CODE = YES;
				CLANG_WARN__DUPLICATE_METHOD_MATCH = YES;
				COPY_PHASE_STRIP = NO;
				DEBUG_INFORMATION_FORMAT = "dwarf-with-dsym";
				ENABLE_NS_ASSERTIONS = NO;
				ENABLE_STRICT_OBJC_MSGSEND = YES;
				GCC_C_LANGUAGE_STANDARD = gnu11;
				GCC_NO_COMMON_BLOCKS = YES;
				GCC_WARN_64_TO_32_BIT_CONVERSION = YES;
				GCC_WARN_ABOUT_RETURN_TYPE = YES_ERROR;
				GCC_WARN_UNDECLARED_SELECTOR = YES;
				GCC_WARN_UNINITIALIZED_AUTOS = YES_AGGRESSIVE;
				GCC_WARN_UNUSED_FUNCTION = YES;
				GCC_WARN_UNUSED_VARIABLE = YES;
				IPHONEOS_DEPLOYMENT_TARGET = 14.5;
				MTL_ENABLE_DEBUG_INFO = NO;
				MTL_FAST_MATH = YES;
				SDKROOT = iphoneos;
				SWIFT_COMPILATION_MODE = wholemodule;
				SWIFT_OPTIMIZATION_LEVEL = "-O";
				VALIDATE_PRODUCT = YES;
			};
			name = Release;
		};
		C3806CF8270703F2007D11E9 /* Debug */ = {
			isa = XCBuildConfiguration;
			baseConfigurationReference = DC9D2253B46836E88A1B8448 /* Pods-Reciplease.debug.xcconfig */;
			buildSettings = {
				ASSETCATALOG_COMPILER_APPICON_NAME = AppIcon;
				ASSETCATALOG_COMPILER_GLOBAL_ACCENT_COLOR_NAME = AccentColor;
				CODE_SIGN_STYLE = Automatic;
				DEVELOPMENT_TEAM = R5NJZ3S7A7;
				INFOPLIST_FILE = Reciplease/Info.plist;
				LD_RUNPATH_SEARCH_PATHS = (
					"$(inherited)",
					"@executable_path/Frameworks",
				);
				PRODUCT_BUNDLE_IDENTIFIER = MaximeRoux.Reciplease;
				PRODUCT_NAME = "$(TARGET_NAME)";
				SWIFT_VERSION = 5.0;
				TARGETED_DEVICE_FAMILY = "1,2";
			};
			name = Debug;
		};
		C3806CF9270703F2007D11E9 /* Release */ = {
			isa = XCBuildConfiguration;
			baseConfigurationReference = 66FCBA1AEC26F6D8540589E0 /* Pods-Reciplease.release.xcconfig */;
			buildSettings = {
				ASSETCATALOG_COMPILER_APPICON_NAME = AppIcon;
				ASSETCATALOG_COMPILER_GLOBAL_ACCENT_COLOR_NAME = AccentColor;
				CODE_SIGN_STYLE = Automatic;
				DEVELOPMENT_TEAM = R5NJZ3S7A7;
				INFOPLIST_FILE = Reciplease/Info.plist;
				LD_RUNPATH_SEARCH_PATHS = (
					"$(inherited)",
					"@executable_path/Frameworks",
				);
				PRODUCT_BUNDLE_IDENTIFIER = MaximeRoux.Reciplease;
				PRODUCT_NAME = "$(TARGET_NAME)";
				SWIFT_VERSION = 5.0;
				TARGETED_DEVICE_FAMILY = "1,2";
			};
			name = Release;
		};
/* End XCBuildConfiguration section */

/* Begin XCConfigurationList section */
		C335CA27273EB85900799826 /* Build configuration list for PBXNativeTarget "RecipleaseTests" */ = {
			isa = XCConfigurationList;
			buildConfigurations = (
				C335CA25273EB85900799826 /* Debug */,
				C335CA26273EB85900799826 /* Release */,
			);
			defaultConfigurationIsVisible = 0;
			defaultConfigurationName = Release;
		};
		C3806CDB270703F0007D11E9 /* Build configuration list for PBXProject "Reciplease" */ = {
			isa = XCConfigurationList;
			buildConfigurations = (
				C3806CF5270703F2007D11E9 /* Debug */,
				C3806CF6270703F2007D11E9 /* Release */,
			);
			defaultConfigurationIsVisible = 0;
			defaultConfigurationName = Release;
		};
		C3806CF7270703F2007D11E9 /* Build configuration list for PBXNativeTarget "Reciplease" */ = {
			isa = XCConfigurationList;
			buildConfigurations = (
				C3806CF8270703F2007D11E9 /* Debug */,
				C3806CF9270703F2007D11E9 /* Release */,
			);
			defaultConfigurationIsVisible = 0;
			defaultConfigurationName = Release;
		};
/* End XCConfigurationList section */

/* Begin XCVersionGroup section */
		C3806CEC270703F0007D11E9 /* Reciplease.xcdatamodeld */ = {
			isa = XCVersionGroup;
			children = (
				C3806CED270703F0007D11E9 /* Reciplease.xcdatamodel */,
			);
			currentVersion = C3806CED270703F0007D11E9 /* Reciplease.xcdatamodel */;
			path = Reciplease.xcdatamodeld;
			sourceTree = "<group>";
			versionGroupType = wrapper.xcdatamodel;
		};
/* End XCVersionGroup section */
	};
	rootObject = C3806CD8270703F0007D11E9 /* Project object */;
}
